// !$*UTF8*$!
{
	archiveVersion = 1;
	classes = {
	};
	objectVersion = 77;
	objects = {

/* Begin PBXBuildFile section */
		7B9B8B382DA8EBCF00ECBD05 /* RiveRuntime in Frameworks */ = {isa = PBXBuildFile; productRef = 7B9B8B372DA8EBCF00ECBD05 /* RiveRuntime */; };
		7B9B8B462DA8F4CA00ECBD05 /* .gitignore in Resources */ = {isa = PBXBuildFile; fileRef = 7B9B8B452DA8F4CA00ECBD05 /* .gitignore */; };
/* End PBXBuildFile section */

/* Begin PBXContainerItemProxy section */
		7B9B8AF42DA8EABF00ECBD05 /* PBXContainerItemProxy */ = {
			isa = PBXContainerItemProxy;
			containerPortal = 7B9B8AD92DA8EABD00ECBD05 /* Project object */;
			proxyType = 1;
			remoteGlobalIDString = 7B9B8AE02DA8EABD00ECBD05;
			remoteInfo = Googs;
		};
		7B9B8AFE2DA8EABF00ECBD05 /* PBXContainerItemProxy */ = {
			isa = PBXContainerItemProxy;
			containerPortal = 7B9B8AD92DA8EABD00ECBD05 /* Project object */;
			proxyType = 1;
			remoteGlobalIDString = 7B9B8AE02DA8EABD00ECBD05;
			remoteInfo = Googs;
		};
/* End PBXContainerItemProxy section */

/* Begin PBXFileReference section */
		7B9B8AE12DA8EABD00ECBD05 /* Googs.app */ = {isa = PBXFileReference; explicitFileType = wrapper.application; includeInIndex = 0; path = Googs.app; sourceTree = BUILT_PRODUCTS_DIR; };
		7B9B8AF32DA8EABF00ECBD05 /* GoogsTests.xctest */ = {isa = PBXFileReference; explicitFileType = wrapper.cfbundle; includeInIndex = 0; path = GoogsTests.xctest; sourceTree = BUILT_PRODUCTS_DIR; };
		7B9B8AFD2DA8EABF00ECBD05 /* GoogsUITests.xctest */ = {isa = PBXFileReference; explicitFileType = wrapper.cfbundle; includeInIndex = 0; path = GoogsUITests.xctest; sourceTree = BUILT_PRODUCTS_DIR; };
		7B9B8B452DA8F4CA00ECBD05 /* .gitignore */ = {isa = PBXFileReference; lastKnownFileType = text; path = .gitignore; sourceTree = "<group>"; };
/* End PBXFileReference section */

/* Begin PBXFileSystemSynchronizedBuildFileExceptionSet section */
		7B9B8B332DA8EB4F00ECBD05 /* Exceptions for "Googs" folder in "Googs" target */ = {
			isa = PBXFileSystemSynchronizedBuildFileExceptionSet;
			membershipExceptions = (
				Info.plist,
			);
			target = 7B9B8AE02DA8EABD00ECBD05 /* Googs */;
		};
		7B9B8B342DA8EB4F00ECBD05 /* Exceptions for "Googs" folder in "GoogsUITests" target */ = {
			isa = PBXFileSystemSynchronizedBuildFileExceptionSet;
			membershipExceptions = (
				Info.plist,
				RiveAssets/notificationBell.riv,
				RiveAssets/onboard.riv,
			);
			target = 7B9B8AFC2DA8EABF00ECBD05 /* GoogsUITests */;
		};
		7B9B8B3D2DA8EE8B00ECBD05 /* Exceptions for "Googs" folder in "GoogsTests" target */ = {
			isa = PBXFileSystemSynchronizedBuildFileExceptionSet;
			membershipExceptions = (
				RiveAssets/notificationBell.riv,
				RiveAssets/onboard.riv,
			);
			target = 7B9B8AF22DA8EABF00ECBD05 /* GoogsTests */;
		};
/* End PBXFileSystemSynchronizedBuildFileExceptionSet section */

/* Begin PBXFileSystemSynchronizedRootGroup section */
		7B9B8AE32DA8EABD00ECBD05 /* Googs */ = {
			isa = PBXFileSystemSynchronizedRootGroup;
			exceptions = (
				7B9B8B332DA8EB4F00ECBD05 /* Exceptions for "Googs" folder in "Googs" target */,
				7B9B8B3D2DA8EE8B00ECBD05 /* Exceptions for "Googs" folder in "GoogsTests" target */,
				7B9B8B342DA8EB4F00ECBD05 /* Exceptions for "Googs" folder in "GoogsUITests" target */,
			);
			path = Googs;
			sourceTree = "<group>";
		};
		7B9B8AF62DA8EABF00ECBD05 /* GoogsTests */ = {
			isa = PBXFileSystemSynchronizedRootGroup;
			path = GoogsTests;
			sourceTree = "<group>";
		};
		7B9B8B002DA8EABF00ECBD05 /* GoogsUITests */ = {
			isa = PBXFileSystemSynchronizedRootGroup;
			path = GoogsUITests;
			sourceTree = "<group>";
		};
/* End PBXFileSystemSynchronizedRootGroup section */

/* Begin PBXFrameworksBuildPhase section */
		7B9B8ADE2DA8EABD00ECBD05 /* Frameworks */ = {
			isa = PBXFrameworksBuildPhase;
			buildActionMask = 2147483647;
			files = (
				7B9B8B382DA8EBCF00ECBD05 /* RiveRuntime in Frameworks */,
			);
			runOnlyForDeploymentPostprocessing = 0;
		};
		7B9B8AF02DA8EABF00ECBD05 /* Frameworks */ = {
			isa = PBXFrameworksBuildPhase;
			buildActionMask = 2147483647;
			files = (
			);
			runOnlyForDeploymentPostprocessing = 0;
		};
		7B9B8AFA2DA8EABF00ECBD05 /* Frameworks */ = {
			isa = PBXFrameworksBuildPhase;
			buildActionMask = 2147483647;
			files = (
			);
			runOnlyForDeploymentPostprocessing = 0;
		};
/* End PBXFrameworksBuildPhase section */

/* Begin PBXGroup section */
		7B9B8AD82DA8EABD00ECBD05 = {
			isa = PBXGroup;
			children = (
				7B9B8B452DA8F4CA00ECBD05 /* .gitignore */,
				7B9B8AE32DA8EABD00ECBD05 /* Googs */,
				7B9B8AF62DA8EABF00ECBD05 /* GoogsTests */,
				7B9B8B002DA8EABF00ECBD05 /* GoogsUITests */,
				7B9B8AE22DA8EABD00ECBD05 /* Products */,
			);
			sourceTree = "<group>";
		};
		7B9B8AE22DA8EABD00ECBD05 /* Products */ = {
			isa = PBXGroup;
			children = (
				7B9B8AE12DA8EABD00ECBD05 /* Googs.app */,
				7B9B8AF32DA8EABF00ECBD05 /* GoogsTests.xctest */,
				7B9B8AFD2DA8EABF00ECBD05 /* GoogsUITests.xctest */,
			);
			name = Products;
			sourceTree = "<group>";
		};
/* End PBXGroup section */

/* Begin PBXNativeTarget section */
		7B9B8AE02DA8EABD00ECBD05 /* Googs */ = {
			isa = PBXNativeTarget;
			buildConfigurationList = 7B9B8B072DA8EABF00ECBD05 /* Build configuration list for PBXNativeTarget "Googs" */;
			buildPhases = (
				7B9B8ADD2DA8EABD00ECBD05 /* Sources */,
				7B9B8ADE2DA8EABD00ECBD05 /* Frameworks */,
				7B9B8ADF2DA8EABD00ECBD05 /* Resources */,
			);
			buildRules = (
			);
			dependencies = (
			);
			fileSystemSynchronizedGroups = (
				7B9B8AE32DA8EABD00ECBD05 /* Googs */,
			);
			name = Googs;
			packageProductDependencies = (
				7B9B8B372DA8EBCF00ECBD05 /* RiveRuntime */,
			);
			productName = Googs;
			productReference = 7B9B8AE12DA8EABD00ECBD05 /* Googs.app */;
			productType = "com.apple.product-type.application";
		};
		7B9B8AF22DA8EABF00ECBD05 /* GoogsTests */ = {
			isa = PBXNativeTarget;
			buildConfigurationList = 7B9B8B0A2DA8EABF00ECBD05 /* Build configuration list for PBXNativeTarget "GoogsTests" */;
			buildPhases = (
				7B9B8AEF2DA8EABF00ECBD05 /* Sources */,
				7B9B8AF02DA8EABF00ECBD05 /* Frameworks */,
				7B9B8AF12DA8EABF00ECBD05 /* Resources */,
			);
			buildRules = (
			);
			dependencies = (
				7B9B8AF52DA8EABF00ECBD05 /* PBXTargetDependency */,
			);
			fileSystemSynchronizedGroups = (
				7B9B8AF62DA8EABF00ECBD05 /* GoogsTests */,
			);
			name = GoogsTests;
			packageProductDependencies = (
			);
			productName = GoogsTests;
			productReference = 7B9B8AF32DA8EABF00ECBD05 /* GoogsTests.xctest */;
			productType = "com.apple.product-type.bundle.unit-test";
		};
		7B9B8AFC2DA8EABF00ECBD05 /* GoogsUITests */ = {
			isa = PBXNativeTarget;
			buildConfigurationList = 7B9B8B0D2DA8EABF00ECBD05 /* Build configuration list for PBXNativeTarget "GoogsUITests" */;
			buildPhases = (
				7B9B8AF92DA8EABF00ECBD05 /* Sources */,
				7B9B8AFA2DA8EABF00ECBD05 /* Frameworks */,
				7B9B8AFB2DA8EABF00ECBD05 /* Resources */,
			);
			buildRules = (
			);
			dependencies = (
				7B9B8AFF2DA8EABF00ECBD05 /* PBXTargetDependency */,
			);
			fileSystemSynchronizedGroups = (
				7B9B8B002DA8EABF00ECBD05 /* GoogsUITests */,
			);
			name = GoogsUITests;
			packageProductDependencies = (
			);
			productName = GoogsUITests;
			productReference = 7B9B8AFD2DA8EABF00ECBD05 /* GoogsUITests.xctest */;
			productType = "com.apple.product-type.bundle.ui-testing";
		};
/* End PBXNativeTarget section */

/* Begin PBXProject section */
		7B9B8AD92DA8EABD00ECBD05 /* Project object */ = {
			isa = PBXProject;
			attributes = {
				BuildIndependentTargetsInParallel = 1;
				LastSwiftUpdateCheck = 1620;
				LastUpgradeCheck = 1620;
				TargetAttributes = {
					7B9B8AE02DA8EABD00ECBD05 = {
						CreatedOnToolsVersion = 16.2;
					};
					7B9B8AF22DA8EABF00ECBD05 = {
						CreatedOnToolsVersion = 16.2;
						TestTargetID = 7B9B8AE02DA8EABD00ECBD05;
					};
					7B9B8AFC2DA8EABF00ECBD05 = {
						CreatedOnToolsVersion = 16.2;
						TestTargetID = 7B9B8AE02DA8EABD00ECBD05;
					};
				};
			};
			buildConfigurationList = 7B9B8ADC2DA8EABD00ECBD05 /* Build configuration list for PBXProject "Googs" */;
			developmentRegion = en;
			hasScannedForEncodings = 0;
			knownRegions = (
				en,
				Base,
			);
			mainGroup = 7B9B8AD82DA8EABD00ECBD05;
			minimizedProjectReferenceProxies = 1;
			packageReferences = (
				7B9B8B362DA8EB9E00ECBD05 /* XCRemoteSwiftPackageReference "rive-ios" */,
			);
			preferredProjectObjectVersion = 77;
			productRefGroup = 7B9B8AE22DA8EABD00ECBD05 /* Products */;
			projectDirPath = "";
			projectRoot = "";
			targets = (
				7B9B8AE02DA8EABD00ECBD05 /* Googs */,
				7B9B8AF22DA8EABF00ECBD05 /* GoogsTests */,
				7B9B8AFC2DA8EABF00ECBD05 /* GoogsUITests */,
			);
		};
/* End PBXProject section */

/* Begin PBXResourcesBuildPhase section */
		7B9B8ADF2DA8EABD00ECBD05 /* Resources */ = {
			isa = PBXResourcesBuildPhase;
			buildActionMask = 2147483647;
			files = (
				7B9B8B462DA8F4CA00ECBD05 /* .gitignore in Resources */,
			);
			runOnlyForDeploymentPostprocessing = 0;
		};
		7B9B8AF12DA8EABF00ECBD05 /* Resources */ = {
			isa = PBXResourcesBuildPhase;
			buildActionMask = 2147483647;
			files = (
			);
			runOnlyForDeploymentPostprocessing = 0;
		};
		7B9B8AFB2DA8EABF00ECBD05 /* Resources */ = {
			isa = PBXResourcesBuildPhase;
			buildActionMask = 2147483647;
			files = (
			);
			runOnlyForDeploymentPostprocessing = 0;
		};
/* End PBXResourcesBuildPhase section */

/* Begin PBXSourcesBuildPhase section */
		7B9B8ADD2DA8EABD00ECBD05 /* Sources */ = {
			isa = PBXSourcesBuildPhase;
			buildActionMask = 2147483647;
			files = (
			);
			runOnlyForDeploymentPostprocessing = 0;
		};
		7B9B8AEF2DA8EABF00ECBD05 /* Sources */ = {
			isa = PBXSourcesBuildPhase;
			buildActionMask = 2147483647;
			files = (
			);
			runOnlyForDeploymentPostprocessing = 0;
		};
		7B9B8AF92DA8EABF00ECBD05 /* Sources */ = {
			isa = PBXSourcesBuildPhase;
			buildActionMask = 2147483647;
			files = (
			);
			runOnlyForDeploymentPostprocessing = 0;
		};
/* End PBXSourcesBuildPhase section */

/* Begin PBXTargetDependency section */
		7B9B8AF52DA8EABF00ECBD05 /* PBXTargetDependency */ = {
			isa = PBXTargetDependency;
			target = 7B9B8AE02DA8EABD00ECBD05 /* Googs */;
			targetProxy = 7B9B8AF42DA8EABF00ECBD05 /* PBXContainerItemProxy */;
		};
		7B9B8AFF2DA8EABF00ECBD05 /* PBXTargetDependency */ = {
			isa = PBXTargetDependency;
			target = 7B9B8AE02DA8EABD00ECBD05 /* Googs */;
			targetProxy = 7B9B8AFE2DA8EABF00ECBD05 /* PBXContainerItemProxy */;
		};
/* End PBXTargetDependency section */

/* Begin XCBuildConfiguration section */
		7B9B8B052DA8EABF00ECBD05 /* Debug */ = {
			isa = XCBuildConfiguration;
			buildSettings = {
				ALWAYS_SEARCH_USER_PATHS = NO;
				ASSETCATALOG_COMPILER_GENERATE_SWIFT_ASSET_SYMBOL_EXTENSIONS = YES;
				CLANG_ANALYZER_NONNULL = YES;
				CLANG_ANALYZER_NUMBER_OBJECT_CONVERSION = YES_AGGRESSIVE;
				CLANG_CXX_LANGUAGE_STANDARD = "gnu++20";
				CLANG_ENABLE_MODULES = YES;
				CLANG_ENABLE_OBJC_ARC = YES;
				CLANG_ENABLE_OBJC_WEAK = YES;
				CLANG_WARN_BLOCK_CAPTURE_AUTORELEASING = YES;
				CLANG_WARN_BOOL_CONVERSION = YES;
				CLANG_WARN_COMMA = YES;
				CLANG_WARN_CONSTANT_CONVERSION = YES;
				CLANG_WARN_DEPRECATED_OBJC_IMPLEMENTATIONS = YES;
				CLANG_WARN_DIRECT_OBJC_ISA_USAGE = YES_ERROR;
				CLANG_WARN_DOCUMENTATION_COMMENTS = YES;
				CLANG_WARN_EMPTY_BODY = YES;
				CLANG_WARN_ENUM_CONVERSION = YES;
				CLANG_WARN_INFINITE_RECURSION = YES;
				CLANG_WARN_INT_CONVERSION = YES;
				CLANG_WARN_NON_LITERAL_NULL_CONVERSION = YES;
				CLANG_WARN_OBJC_IMPLICIT_RETAIN_SELF = YES;
				CLANG_WARN_OBJC_LITERAL_CONVERSION = YES;
				CLANG_WARN_OBJC_ROOT_CLASS = YES_ERROR;
				CLANG_WARN_QUOTED_INCLUDE_IN_FRAMEWORK_HEADER = YES;
				CLANG_WARN_RANGE_LOOP_ANALYSIS = YES;
				CLANG_WARN_STRICT_PROTOTYPES = YES;
				CLANG_WARN_SUSPICIOUS_MOVE = YES;
				CLANG_WARN_UNGUARDED_AVAILABILITY = YES_AGGRESSIVE;
				CLANG_WARN_UNREACHABLE_CODE = YES;
				CLANG_WARN__DUPLICATE_METHOD_MATCH = YES;
				COPY_PHASE_STRIP = NO;
				DEBUG_INFORMATION_FORMAT = dwarf;
				ENABLE_STRICT_OBJC_MSGSEND = YES;
				ENABLE_TESTABILITY = YES;
				ENABLE_USER_SCRIPT_SANDBOXING = YES;
				GCC_C_LANGUAGE_STANDARD = gnu17;
				GCC_DYNAMIC_NO_PIC = NO;
				GCC_NO_COMMON_BLOCKS = YES;
				GCC_OPTIMIZATION_LEVEL = 0;
				GCC_PREPROCESSOR_DEFINITIONS = (
					"DEBUG=1",
					"$(inherited)",
				);
				GCC_WARN_64_TO_32_BIT_CONVERSION = YES;
				GCC_WARN_ABOUT_RETURN_TYPE = YES_ERROR;
				GCC_WARN_UNDECLARED_SELECTOR = YES;
				GCC_WARN_UNINITIALIZED_AUTOS = YES_AGGRESSIVE;
				GCC_WARN_UNUSED_FUNCTION = YES;
				GCC_WARN_UNUSED_VARIABLE = YES;
				IPHONEOS_DEPLOYMENT_TARGET = 18.2;
				LOCALIZATION_PREFERS_STRING_CATALOGS = YES;
				MTL_ENABLE_DEBUG_INFO = INCLUDE_SOURCE;
				MTL_FAST_MATH = YES;
				ONLY_ACTIVE_ARCH = YES;
				SDKROOT = iphoneos;
				SWIFT_ACTIVE_COMPILATION_CONDITIONS = "DEBUG $(inherited)";
				SWIFT_OPTIMIZATION_LEVEL = "-Onone";
			};
			name = Debug;
		};
		7B9B8B062DA8EABF00ECBD05 /* Release */ = {
			isa = XCBuildConfiguration;
			buildSettings = {
				ALWAYS_SEARCH_USER_PATHS = NO;
				ASSETCATALOG_COMPILER_GENERATE_SWIFT_ASSET_SYMBOL_EXTENSIONS = YES;
				CLANG_ANALYZER_NONNULL = YES;
				CLANG_ANALYZER_NUMBER_OBJECT_CONVERSION = YES_AGGRESSIVE;
				CLANG_CXX_LANGUAGE_STANDARD = "gnu++20";
				CLANG_ENABLE_MODULES = YES;
				CLANG_ENABLE_OBJC_ARC = YES;
				CLANG_ENABLE_OBJC_WEAK = YES;
				CLANG_WARN_BLOCK_CAPTURE_AUTORELEASING = YES;
				CLANG_WARN_BOOL_CONVERSION = YES;
				CLANG_WARN_COMMA = YES;
				CLANG_WARN_CONSTANT_CONVERSION = YES;
				CLANG_WARN_DEPRECATED_OBJC_IMPLEMENTATIONS = YES;
				CLANG_WARN_DIRECT_OBJC_ISA_USAGE = YES_ERROR;
				CLANG_WARN_DOCUMENTATION_COMMENTS = YES;
				CLANG_WARN_EMPTY_BODY = YES;
				CLANG_WARN_ENUM_CONVERSION = YES;
				CLANG_WARN_INFINITE_RECURSION = YES;
				CLANG_WARN_INT_CONVERSION = YES;
				CLANG_WARN_NON_LITERAL_NULL_CONVERSION = YES;
				CLANG_WARN_OBJC_IMPLICIT_RETAIN_SELF = YES;
				CLANG_WARN_OBJC_LITERAL_CONVERSION = YES;
				CLANG_WARN_OBJC_ROOT_CLASS = YES_ERROR;
				CLANG_WARN_QUOTED_INCLUDE_IN_FRAMEWORK_HEADER = YES;
				CLANG_WARN_RANGE_LOOP_ANALYSIS = YES;
				CLANG_WARN_STRICT_PROTOTYPES = YES;
				CLANG_WARN_SUSPICIOUS_MOVE = YES;
				CLANG_WARN_UNGUARDED_AVAILABILITY = YES_AGGRESSIVE;
				CLANG_WARN_UNREACHABLE_CODE = YES;
				CLANG_WARN__DUPLICATE_METHOD_MATCH = YES;
				COPY_PHASE_STRIP = NO;
				DEBUG_INFORMATION_FORMAT = "dwarf-with-dsym";
				ENABLE_NS_ASSERTIONS = NO;
				ENABLE_STRICT_OBJC_MSGSEND = YES;
				ENABLE_USER_SCRIPT_SANDBOXING = YES;
				GCC_C_LANGUAGE_STANDARD = gnu17;
				GCC_NO_COMMON_BLOCKS = YES;
				GCC_WARN_64_TO_32_BIT_CONVERSION = YES;
				GCC_WARN_ABOUT_RETURN_TYPE = YES_ERROR;
				GCC_WARN_UNDECLARED_SELECTOR = YES;
				GCC_WARN_UNINITIALIZED_AUTOS = YES_AGGRESSIVE;
				GCC_WARN_UNUSED_FUNCTION = YES;
				GCC_WARN_UNUSED_VARIABLE = YES;
				IPHONEOS_DEPLOYMENT_TARGET = 18.2;
				LOCALIZATION_PREFERS_STRING_CATALOGS = YES;
				MTL_ENABLE_DEBUG_INFO = NO;
				MTL_FAST_MATH = YES;
				SDKROOT = iphoneos;
				SWIFT_COMPILATION_MODE = wholemodule;
				VALIDATE_PRODUCT = YES;
			};
			name = Release;
		};
		7B9B8B082DA8EABF00ECBD05 /* Debug */ = {
			isa = XCBuildConfiguration;
			buildSettings = {
				ASSETCATALOG_COMPILER_APPICON_NAME = AppIcon;
				ASSETCATALOG_COMPILER_GLOBAL_ACCENT_COLOR_NAME = AccentColor;
				CODE_SIGN_ENTITLEMENTS = Googs/Googs.entitlements;
				CODE_SIGN_STYLE = Automatic;
				CURRENT_PROJECT_VERSION = 1;
				DEVELOPMENT_ASSET_PATHS = "\"Googs/Preview Content\"";
				DEVELOPMENT_TEAM = 574355JH3A;
				ENABLE_PREVIEWS = YES;
				GENERATE_INFOPLIST_FILE = YES;
				INFOPLIST_KEY_UIApplicationSceneManifest_Generation = YES;
				INFOPLIST_KEY_UIApplicationSupportsIndirectInputEvents = YES;
				INFOPLIST_KEY_UILaunchScreen_Generation = YES;
				INFOPLIST_KEY_UISupportedInterfaceOrientations_iPad = "UIInterfaceOrientationPortrait UIInterfaceOrientationPortraitUpsideDown UIInterfaceOrientationLandscapeLeft UIInterfaceOrientationLandscapeRight";
				INFOPLIST_KEY_UISupportedInterfaceOrientations_iPhone = "UIInterfaceOrientationPortrait UIInterfaceOrientationLandscapeLeft UIInterfaceOrientationLandscapeRight";
				LD_RUNPATH_SEARCH_PATHS = (
					"$(inherited)",
					"@executable_path/Frameworks",
				);
				MARKETING_VERSION = 1.0;
				PRODUCT_BUNDLE_IDENTIFIER = co.frankguglielmo.Googs;
				PRODUCT_NAME = "$(TARGET_NAME)";
				SWIFT_EMIT_LOC_STRINGS = YES;
				SWIFT_VERSION = 5.0;
				TARGETED_DEVICE_FAMILY = "1,2";
			};
			name = Debug;
		};
		7B9B8B092DA8EABF00ECBD05 /* Release */ = {
			isa = XCBuildConfiguration;
			buildSettings = {
				ASSETCATALOG_COMPILER_APPICON_NAME = AppIcon;
				ASSETCATALOG_COMPILER_GLOBAL_ACCENT_COLOR_NAME = AccentColor;
				CODE_SIGN_ENTITLEMENTS = Googs/Googs.entitlements;
				CODE_SIGN_STYLE = Automatic;
				CURRENT_PROJECT_VERSION = 1;
				DEVELOPMENT_ASSET_PATHS = "\"Googs/Preview Content\"";
				DEVELOPMENT_TEAM = 574355JH3A;
				ENABLE_PREVIEWS = YES;
				GENERATE_INFOPLIST_FILE = YES;
				INFOPLIST_KEY_UIApplicationSceneManifest_Generation = YES;
				INFOPLIST_KEY_UIApplicationSupportsIndirectInputEvents = YES;
				INFOPLIST_KEY_UILaunchScreen_Generation = YES;
				INFOPLIST_KEY_UISupportedInterfaceOrientations_iPad = "UIInterfaceOrientationPortrait UIInterfaceOrientationPortraitUpsideDown UIInterfaceOrientationLandscapeLeft UIInterfaceOrientationLandscapeRight";
				INFOPLIST_KEY_UISupportedInterfaceOrientations_iPhone = "UIInterfaceOrientationPortrait UIInterfaceOrientationLandscapeLeft UIInterfaceOrientationLandscapeRight";
				LD_RUNPATH_SEARCH_PATHS = (
					"$(inherited)",
					"@executable_path/Frameworks",
				);
				MARKETING_VERSION = 1.0;
				PRODUCT_BUNDLE_IDENTIFIER = co.frankguglielmo.Googs;
				PRODUCT_NAME = "$(TARGET_NAME)";
				SWIFT_EMIT_LOC_STRINGS = YES;
				SWIFT_VERSION = 5.0;
				TARGETED_DEVICE_FAMILY = "1,2";
			};
			name = Release;
		};
		7B9B8B0B2DA8EABF00ECBD05 /* Debug */ = {
			isa = XCBuildConfiguration;
			buildSettings = {
				BUNDLE_LOADER = "$(TEST_HOST)";
				CODE_SIGN_STYLE = Automatic;
				CURRENT_PROJECT_VERSION = 1;
				DEVELOPMENT_TEAM = 574355JH3A;
				GENERATE_INFOPLIST_FILE = YES;
				IPHONEOS_DEPLOYMENT_TARGET = 18.2;
				MARKETING_VERSION = 1.0;
				PRODUCT_BUNDLE_IDENTIFIER = co.frankguglielmo.GoogsTests;
				PRODUCT_NAME = "$(TARGET_NAME)";
				SWIFT_EMIT_LOC_STRINGS = NO;
				SWIFT_VERSION = 5.0;
				TARGETED_DEVICE_FAMILY = "1,2";
				TEST_HOST = "$(BUILT_PRODUCTS_DIR)/Googs.app/$(BUNDLE_EXECUTABLE_FOLDER_PATH)/Googs";
			};
			name = Debug;
		};
		7B9B8B0C2DA8EABF00ECBD05 /* Release */ = {
			isa = XCBuildConfiguration;
			buildSettings = {
				BUNDLE_LOADER = "$(TEST_HOST)";
				CODE_SIGN_STYLE = Automatic;
				CURRENT_PROJECT_VERSION = 1;
				DEVELOPMENT_TEAM = 574355JH3A;
				GENERATE_INFOPLIST_FILE = YES;
				IPHONEOS_DEPLOYMENT_TARGET = 18.2;
				MARKETING_VERSION = 1.0;
				PRODUCT_BUNDLE_IDENTIFIER = co.frankguglielmo.GoogsTests;
				PRODUCT_NAME = "$(TARGET_NAME)";
				SWIFT_EMIT_LOC_STRINGS = NO;
				SWIFT_VERSION = 5.0;
				TARGETED_DEVICE_FAMILY = "1,2";
				TEST_HOST = "$(BUILT_PRODUCTS_DIR)/Googs.app/$(BUNDLE_EXECUTABLE_FOLDER_PATH)/Googs";
			};
			name = Release;
		};
		7B9B8B0E2DA8EABF00ECBD05 /* Debug */ = {
			isa = XCBuildConfiguration;
			buildSettings = {
				CODE_SIGN_STYLE = Automatic;
				CURRENT_PROJECT_VERSION = 1;
				DEVELOPMENT_TEAM = 574355JH3A;
				GENERATE_INFOPLIST_FILE = YES;
				MARKETING_VERSION = 1.0;
				PRODUCT_BUNDLE_IDENTIFIER = co.frankguglielmo.GoogsUITests;
				PRODUCT_NAME = "$(TARGET_NAME)";
				SWIFT_EMIT_LOC_STRINGS = NO;
				SWIFT_VERSION = 5.0;
				TARGETED_DEVICE_FAMILY = "1,2";
				TEST_TARGET_NAME = Googs;
			};
			name = Debug;
		};
		7B9B8B0F2DA8EABF00ECBD05 /* Release */ = {
			isa = XCBuildConfiguration;
			buildSettings = {
				CODE_SIGN_STYLE = Automatic;
				CURRENT_PROJECT_VERSION = 1;
				DEVELOPMENT_TEAM = 574355JH3A;
				GENERATE_INFOPLIST_FILE = YES;
				MARKETING_VERSION = 1.0;
				PRODUCT_BUNDLE_IDENTIFIER = co.frankguglielmo.GoogsUITests;
				PRODUCT_NAME = "$(TARGET_NAME)";
				SWIFT_EMIT_LOC_STRINGS = NO;
				SWIFT_VERSION = 5.0;
				TARGETED_DEVICE_FAMILY = "1,2";
				TEST_TARGET_NAME = Googs;
			};
			name = Release;
		};
/* End XCBuildConfiguration section */

/* Begin XCConfigurationList section */
		7B9B8ADC2DA8EABD00ECBD05 /* Build configuration list for PBXProject "Googs" */ = {
			isa = XCConfigurationList;
			buildConfigurations = (
				7B9B8B052DA8EABF00ECBD05 /* Debug */,
				7B9B8B062DA8EABF00ECBD05 /* Release */,
			);
			defaultConfigurationIsVisible = 0;
			defaultConfigurationName = Release;
		};
		7B9B8B072DA8EABF00ECBD05 /* Build configuration list for PBXNativeTarget "Googs" */ = {
			isa = XCConfigurationList;
			buildConfigurations = (
				7B9B8B082DA8EABF00ECBD05 /* Debug */,
				7B9B8B092DA8EABF00ECBD05 /* Release */,
			);
			defaultConfigurationIsVisible = 0;
			defaultConfigurationName = Release;
		};
		7B9B8B0A2DA8EABF00ECBD05 /* Build configuration list for PBXNativeTarget "GoogsTests" */ = {
			isa = XCConfigurationList;
			buildConfigurations = (
				7B9B8B0B2DA8EABF00ECBD05 /* Debug */,
				7B9B8B0C2DA8EABF00ECBD05 /* Release */,
			);
			defaultConfigurationIsVisible = 0;
			defaultConfigurationName = Release;
		};
		7B9B8B0D2DA8EABF00ECBD05 /* Build configuration list for PBXNativeTarget "GoogsUITests" */ = {
			isa = XCConfigurationList;
			buildConfigurations = (
				7B9B8B0E2DA8EABF00ECBD05 /* Debug */,
				7B9B8B0F2DA8EABF00ECBD05 /* Release */,
			);
			defaultConfigurationIsVisible = 0;
			defaultConfigurationName = Release;
		};
/* End XCConfigurationList section */

/* Begin XCRemoteSwiftPackageReference section */
		7B9B8B362DA8EB9E00ECBD05 /* XCRemoteSwiftPackageReference "rive-ios" */ = {
			isa = XCRemoteSwiftPackageReference;
			repositoryURL = "https://github.com/rive-app/rive-ios";
			requirement = {
				kind = upToNextMajorVersion;
				minimumVersion = 6.7.4;
			};
		};
/* End XCRemoteSwiftPackageReference section */

/* Begin XCSwiftPackageProductDependency section */
		7B9B8B372DA8EBCF00ECBD05 /* RiveRuntime */ = {
			isa = XCSwiftPackageProductDependency;
			package = 7B9B8B362DA8EB9E00ECBD05 /* XCRemoteSwiftPackageReference "rive-ios" */;
			productName = RiveRuntime;
		};
/* End XCSwiftPackageProductDependency section */
	};
	rootObject = 7B9B8AD92DA8EABD00ECBD05 /* Project object */;
}
